// !$*UTF8*$!
{
	archiveVersion = 1;
	classes = {
	};
	objectVersion = 50;
	objects = {

/* Begin PBXBuildFile section */
		8411D2EA21F750DE00183C0C /* AppDelegate.swift in Sources */ = {isa = PBXBuildFile; fileRef = 8411D2E921F750DE00183C0C /* AppDelegate.swift */; };
		8411D2EC21F750DE00183C0C /* ViewController.swift in Sources */ = {isa = PBXBuildFile; fileRef = 8411D2EB21F750DE00183C0C /* ViewController.swift */; };
		8411D2EF21F750DE00183C0C /* Main.storyboard in Resources */ = {isa = PBXBuildFile; fileRef = 8411D2ED21F750DE00183C0C /* Main.storyboard */; };
		8411D2F121F750DF00183C0C /* Assets.xcassets in Resources */ = {isa = PBXBuildFile; fileRef = 8411D2F021F750DF00183C0C /* Assets.xcassets */; };
		8411D2F421F750DF00183C0C /* LaunchScreen.storyboard in Resources */ = {isa = PBXBuildFile; fileRef = 8411D2F221F750DF00183C0C /* LaunchScreen.storyboard */; };
		8411D2FC21F7521C00183C0C /* TableViewController.swift in Sources */ = {isa = PBXBuildFile; fileRef = 8411D2FB21F7521C00183C0C /* TableViewController.swift */; };
		8411D2FE21F7523100183C0C /* TableViewCell.swift in Sources */ = {isa = PBXBuildFile; fileRef = 8411D2FD21F7523100183C0C /* TableViewCell.swift */; };
		8411D30021F7527E00183C0C /* Quote.swift in Sources */ = {isa = PBXBuildFile; fileRef = 8411D2FF21F7527E00183C0C /* Quote.swift */; };
/* End PBXBuildFile section */

/* Begin PBXFileReference section */
		8411D2E621F750DE00183C0C /* homework Detail.app */ = {isa = PBXFileReference; explicitFileType = wrapper.application; includeInIndex = 0; path = "homework Detail.app"; sourceTree = BUILT_PRODUCTS_DIR; };
		8411D2E921F750DE00183C0C /* AppDelegate.swift */ = {isa = PBXFileReference; lastKnownFileType = sourcecode.swift; path = AppDelegate.swift; sourceTree = "<group>"; };
		8411D2EB21F750DE00183C0C /* ViewController.swift */ = {isa = PBXFileReference; lastKnownFileType = sourcecode.swift; path = ViewController.swift; sourceTree = "<group>"; };
		8411D2EE21F750DE00183C0C /* Base */ = {isa = PBXFileReference; lastKnownFileType = file.storyboard; name = Base; path = Base.lproj/Main.storyboard; sourceTree = "<group>"; };
		8411D2F021F750DF00183C0C /* Assets.xcassets */ = {isa = PBXFileReference; lastKnownFileType = folder.assetcatalog; path = Assets.xcassets; sourceTree = "<group>"; };
		8411D2F321F750DF00183C0C /* Base */ = {isa = PBXFileReference; lastKnownFileType = file.storyboard; name = Base; path = Base.lproj/LaunchScreen.storyboard; sourceTree = "<group>"; };
		8411D2F521F750DF00183C0C /* Info.plist */ = {isa = PBXFileReference; lastKnownFileType = text.plist.xml; path = Info.plist; sourceTree = "<group>"; };
		8411D2FB21F7521C00183C0C /* TableViewController.swift */ = {isa = PBXFileReference; lastKnownFileType = sourcecode.swift; path = TableViewController.swift; sourceTree = "<group>"; };
		8411D2FD21F7523100183C0C /* TableViewCell.swift */ = {isa = PBXFileReference; lastKnownFileType = sourcecode.swift; path = TableViewCell.swift; sourceTree = "<group>"; };
		8411D2FF21F7527E00183C0C /* Quote.swift */ = {isa = PBXFileReference; lastKnownFileType = sourcecode.swift; path = Quote.swift; sourceTree = "<group>"; };
/* End PBXFileReference section */

/* Begin PBXFrameworksBuildPhase section */
		8411D2E321F750DD00183C0C /* Frameworks */ = {
			isa = PBXFrameworksBuildPhase;
			buildActionMask = 2147483647;
			files = (
			);
			runOnlyForDeploymentPostprocessing = 0;
		};
/* End PBXFrameworksBuildPhase section */

/* Begin PBXGroup section */
		8411D2DD21F750DD00183C0C = {
			isa = PBXGroup;
			children = (
				8411D2E821F750DE00183C0C /* homework Detail */,
				8411D2E721F750DE00183C0C /* Products */,
			);
			sourceTree = "<group>";
		};
		8411D2E721F750DE00183C0C /* Products */ = {
			isa = PBXGroup;
			children = (
				8411D2E621F750DE00183C0C /* homework Detail.app */,
			);
			name = Products;
			sourceTree = "<group>";
		};
		8411D2E821F750DE00183C0C /* homework Detail */ = {
			isa = PBXGroup;
			children = (
				8411D2E921F750DE00183C0C /* AppDelegate.swift */,
				8411D2FB21F7521C00183C0C /* TableViewController.swift */,
				8411D2EB21F750DE00183C0C /* ViewController.swift */,
				8411D2FD21F7523100183C0C /* TableViewCell.swift */,
				8411D2FF21F7527E00183C0C /* Quote.swift */,
				8411D2ED21F750DE00183C0C /* Main.storyboard */,
				8411D2F021F750DF00183C0C /* Assets.xcassets */,
				8411D2F221F750DF00183C0C /* LaunchScreen.storyboard */,
				8411D2F521F750DF00183C0C /* Info.plist */,
			);
			path = "homework Detail";
			sourceTree = "<group>";
		};
/* End PBXGroup section */

/* Begin PBXNativeTarget section */
		8411D2E521F750DD00183C0C /* homework Detail */ = {
			isa = PBXNativeTarget;
			buildConfigurationList = 8411D2F821F750DF00183C0C /* Build configuration list for PBXNativeTarget "homework Detail" */;
			buildPhases = (
				8411D2E221F750DD00183C0C /* Sources */,
				8411D2E321F750DD00183C0C /* Frameworks */,
				8411D2E421F750DD00183C0C /* Resources */,
			);
			buildRules = (
			);
			dependencies = (
			);
			name = "homework Detail";
			productName = "homework Detail";
			productReference = 8411D2E621F750DE00183C0C /* homework Detail.app */;
			productType = "com.apple.product-type.application";
		};
/* End PBXNativeTarget section */

/* Begin PBXProject section */
		8411D2DE21F750DD00183C0C /* Project object */ = {
			isa = PBXProject;
			attributes = {
				LastSwiftUpdateCheck = 1010;
				LastUpgradeCheck = 1010;
				ORGANIZATIONNAME = Admin;
				TargetAttributes = {
					8411D2E521F750DD00183C0C = {
						CreatedOnToolsVersion = 10.1;
					};
				};
			};
			buildConfigurationList = 8411D2E121F750DD00183C0C /* Build configuration list for PBXProject "homework Detail" */;
			compatibilityVersion = "Xcode 9.3";
			developmentRegion = en;
			hasScannedForEncodings = 0;
			knownRegions = (
				en,
				Base,
			);
			mainGroup = 8411D2DD21F750DD00183C0C;
			productRefGroup = 8411D2E721F750DE00183C0C /* Products */;
			projectDirPath = "";
			projectRoot = "";
			targets = (
				8411D2E521F750DD00183C0C /* homework Detail */,
			);
		};
/* End PBXProject section */

/* Begin PBXResourcesBuildPhase section */
		8411D2E421F750DD00183C0C /* Resources */ = {
			isa = PBXResourcesBuildPhase;
			buildActionMask = 2147483647;
			files = (
				8411D2F421F750DF00183C0C /* LaunchScreen.storyboard in Resources */,
				8411D2F121F750DF00183C0C /* Assets.xcassets in Resources */,
				8411D2EF21F750DE00183C0C /* Main.storyboard in Resources */,
			);
			runOnlyForDeploymentPostprocessing = 0;
		};
/* End PBXResourcesBuildPhase section */

/* Begin PBXSourcesBuildPhase section */
		8411D2E221F750DD00183C0C /* Sources */ = {
			isa = PBXSourcesBuildPhase;
			buildActionMask = 2147483647;
			files = (
				8411D2EC21F750DE00183C0C /* ViewController.swift in Sources */,
				8411D2FE21F7523100183C0C /* TableViewCell.swift in Sources */,
				8411D2FC21F7521C00183C0C /* TableViewController.swift in Sources */,
				8411D30021F7527E00183C0C /* Quote.swift in Sources */,
				8411D2EA21F750DE00183C0C /* AppDelegate.swift in Sources */,
			);
			runOnlyForDeploymentPostprocessing = 0;
		};
/* End PBXSourcesBuildPhase section */

/* Begin PBXVariantGroup section */
		8411D2ED21F750DE00183C0C /* Main.storyboard */ = {
			isa = PBXVariantGroup;
			children = (
				8411D2EE21F750DE00183C0C /* Base */,
			);
			name = Main.storyboard;
			sourceTree = "<group>";
		};
		8411D2F221F750DF00183C0C /* LaunchScreen.storyboard */ = {
			isa = PBXVariantGroup;
			children = (
				8411D2F321F750DF00183C0C /* Base */,
			);
			name = LaunchScreen.storyboard;
			sourceTree = "<group>";
		};
/* End PBXVariantGroup section */

/* Begin XCBuildConfiguration section */
		8411D2F621F750DF00183C0C /* Debug */ = {
			isa = XCBuildConfiguration;
			buildSettings = {
				ALWAYS_SEARCH_USER_PATHS = NO;
				CLANG_ANALYZER_NONNULL = YES;
				CLANG_ANALYZER_NUMBER_OBJECT_CONVERSION = YES_AGGRESSIVE;
				CLANG_CXX_LANGUAGE_STANDARD = "gnu++14";
				CLANG_CXX_LIBRARY = "libc++";
				CLANG_ENABLE_MODULES = YES;
				CLANG_ENABLE_OBJC_ARC = YES;
				CLANG_ENABLE_OBJC_WEAK = YES;
				CLANG_WARN_BLOCK_CAPTURE_AUTORELEASING = YES;
				CLANG_WARN_BOOL_CONVERSION = YES;
				CLANG_WARN_COMMA = YES;
				CLANG_WARN_CONSTANT_CONVERSION = YES;
				CLANG_WARN_DEPRECATED_OBJC_IMPLEMENTATIONS = YES;
				CLANG_WARN_DIRECT_OBJC_ISA_USAGE = YES_ERROR;
				CLANG_WARN_DOCUMENTATION_COMMENTS = YES;
				CLANG_WARN_EMPTY_BODY = YES;
				CLANG_WARN_ENUM_CONVERSION = YES;
				CLANG_WARN_INFINITE_RECURSION = YES;
				CLANG_WARN_INT_CONVERSION = YES;
				CLANG_WARN_NON_LITERAL_NULL_CONVERSION = YES;
				CLANG_WARN_OBJC_IMPLICIT_RETAIN_SELF = YES;
				CLANG_WARN_OBJC_LITERAL_CONVERSION = YES;
				CLANG_WARN_OBJC_ROOT_CLASS = YES_ERROR;
				CLANG_WARN_RANGE_LOOP_ANALYSIS = YES;
				CLANG_WARN_STRICT_PROTOTYPES = YES;
				CLANG_WARN_SUSPICIOUS_MOVE = YES;
				CLANG_WARN_UNGUARDED_AVAILABILITY = YES_AGGRESSIVE;
				CLANG_WARN_UNREACHABLE_CODE = YES;
				CLANG_WARN__DUPLICATE_METHOD_MATCH = YES;
				CODE_SIGN_IDENTITY = "iPhone Developer";
				COPY_PHASE_STRIP = NO;
				DEBUG_INFORMATION_FORMAT = dwarf;
				ENABLE_STRICT_OBJC_MSGSEND = YES;
				ENABLE_TESTABILITY = YES;
				GCC_C_LANGUAGE_STANDARD = gnu11;
				GCC_DYNAMIC_NO_PIC = NO;
				GCC_NO_COMMON_BLOCKS = YES;
				GCC_OPTIMIZATION_LEVEL = 0;
				GCC_PREPROCESSOR_DEFINITIONS = (
					"DEBUG=1",
					"$(inherited)",
				);
				GCC_WARN_64_TO_32_BIT_CONVERSION = YES;
				GCC_WARN_ABOUT_RETURN_TYPE = YES_ERROR;
				GCC_WARN_UNDECLARED_SELECTOR = YES;
				GCC_WARN_UNINITIALIZED_AUTOS = YES_AGGRESSIVE;
				GCC_WARN_UNUSED_FUNCTION = YES;
				GCC_WARN_UNUSED_VARIABLE = YES;
				IPHONEOS_DEPLOYMENT_TARGET = 12.1;
				MTL_ENABLE_DEBUG_INFO = INCLUDE_SOURCE;
				MTL_FAST_MATH = YES;
				ONLY_ACTIVE_ARCH = YES;
				SDKROOT = iphoneos;
				SWIFT_ACTIVE_COMPILATION_CONDITIONS = DEBUG;
				SWIFT_OPTIMIZATION_LEVEL = "-Onone";
			};
			name = Debug;
		};
		8411D2F721F750DF00183C0C /* Release */ = {
			isa = XCBuildConfiguration;
			buildSettings = {
				ALWAYS_SEARCH_USER_PATHS = NO;
				CLANG_ANALYZER_NONNULL = YES;
				CLANG_ANALYZER_NUMBER_OBJECT_CONVERSION = YES_AGGRESSIVE;
				CLANG_CXX_LANGUAGE_STANDARD = "gnu++14";
				CLANG_CXX_LIBRARY = "libc++";
				CLANG_ENABLE_MODULES = YES;
				CLANG_ENABLE_OBJC_ARC = YES;
				CLANG_ENABLE_OBJC_WEAK = YES;
				CLANG_WARN_BLOCK_CAPTURE_AUTORELEASING = YES;
				CLANG_WARN_BOOL_CONVERSION = YES;
				CLANG_WARN_COMMA = YES;
				CLANG_WARN_CONSTANT_CONVERSION = YES;
				CLANG_WARN_DEPRECATED_OBJC_IMPLEMENTATIONS = YES;
				CLANG_WARN_DIRECT_OBJC_ISA_USAGE = YES_ERROR;
				CLANG_WARN_DOCUMENTATION_COMMENTS = YES;
				CLANG_WARN_EMPTY_BODY = YES;
				CLANG_WARN_ENUM_CONVERSION = YES;
				CLANG_WARN_INFINITE_RECURSION = YES;
				CLANG_WARN_INT_CONVERSION = YES;
				CLANG_WARN_NON_LITERAL_NULL_CONVERSION = YES;
				CLANG_WARN_OBJC_IMPLICIT_RETAIN_SELF = YES;
				CLANG_WARN_OBJC_LITERAL_CONVERSION = YES;
				CLANG_WARN_OBJC_ROOT_CLASS = YES_ERROR;
				CLANG_WARN_RANGE_LOOP_ANALYSIS = YES;
				CLANG_WARN_STRICT_PROTOTYPES = YES;
				CLANG_WARN_SUSPICIOUS_MOVE = YES;
				CLANG_WARN_UNGUARDED_AVAILABILITY = YES_AGGRESSIVE;
				CLANG_WARN_UNREACHABLE_CODE = YES;
				CLANG_WARN__DUPLICATE_METHOD_MATCH = YES;
				CODE_SIGN_IDENTITY = "iPhone Developer";
				COPY_PHASE_STRIP = NO;
				DEBUG_INFORMATION_FORMAT = "dwarf-with-dsym";
				ENABLE_NS_ASSERTIONS = NO;
				ENABLE_STRICT_OBJC_MSGSEND = YES;
				GCC_C_LANGUAGE_STANDARD = gnu11;
				GCC_NO_COMMON_BLOCKS = YES;
				GCC_WARN_64_TO_32_BIT_CONVERSION = YES;
				GCC_WARN_ABOUT_RETURN_TYPE = YES_ERROR;
				GCC_WARN_UNDECLARED_SELECTOR = YES;
				GCC_WARN_UNINITIALIZED_AUTOS = YES_AGGRESSIVE;
				GCC_WARN_UNUSED_FUNCTION = YES;
				GCC_WARN_UNUSED_VARIABLE = YES;
				IPHONEOS_DEPLOYMENT_TARGET = 12.1;
				MTL_ENABLE_DEBUG_INFO = NO;
				MTL_FAST_MATH = YES;
				SDKROOT = iphoneos;
				SWIFT_COMPILATION_MODE = wholemodule;
				SWIFT_OPTIMIZATION_LEVEL = "-O";
				VALIDATE_PRODUCT = YES;
			};
			name = Release;
		};
		8411D2F921F750DF00183C0C /* Debug */ = {
			isa = XCBuildConfiguration;
			buildSettings = {
				ASSETCATALOG_COMPILER_APPICON_NAME = AppIcon;
				CODE_SIGN_STYLE = Automatic;
				DEVELOPMENT_TEAM = 352GM74267;
				INFOPLIST_FILE = "homework Detail/Info.plist";
				LD_RUNPATH_SEARCH_PATHS = (
					"$(inherited)",
					"@executable_path/Frameworks",
				);
				PRODUCT_BUNDLE_IDENTIFIER = "com.Alex.homework-Detail";
				PRODUCT_NAME = "$(TARGET_NAME)";
				SWIFT_VERSION = 4.2;
				TARGETED_DEVICE_FAMILY = "1,2";
			};
			name = Debug;
		};
		8411D2FA21F750DF00183C0C /* Release */ = {
			isa = XCBuildConfiguration;
			buildSettings = {
				ASSETCATALOG_COMPILER_APPICON_NAME = AppIcon;
				CODE_SIGN_STYLE = Automatic;
				DEVELOPMENT_TEAM = 352GM74267;
				INFOPLIST_FILE = "homework Detail/Info.plist";
				LD_RUNPATH_SEARCH_PATHS = (
					"$(inherited)",
					"@executable_path/Frameworks",
				);
				PRODUCT_BUNDLE_IDENTIFIER = "com.Alex.homework-Detail";
				PRODUCT_NAME = "$(TARGET_NAME)";
				SWIFT_VERSION = 4.2;
				TARGETED_DEVICE_FAMILY = "1,2";
			};
			name = Release;
		};
/* End XCBuildConfiguration section */

/* Begin XCConfigurationList section */
		8411D2E121F750DD00183C0C /* Build configuration list for PBXProject "homework Detail" */ = {
			isa = XCConfigurationList;
			buildConfigurations = (
				8411D2F621F750DF00183C0C /* Debug */,
				8411D2F721F750DF00183C0C /* Release */,
			);
			defaultConfigurationIsVisible = 0;
			defaultConfigurationName = Release;
		};
		8411D2F821F750DF00183C0C /* Build configuration list for PBXNativeTarget "homework Detail" */ = {
			isa = XCConfigurationList;
			buildConfigurations = (
				8411D2F921F750DF00183C0C /* Debug */,
				8411D2FA21F750DF00183C0C /* Release */,
			);
			defaultConfigurationIsVisible = 0;
			defaultConfigurationName = Release;
		};
/* End XCConfigurationList section */
	};
	rootObject = 8411D2DE21F750DD00183C0C /* Project object */;
}
